
Microsoft Visual Studio Solution File, Format Version 12.00
# Visual Studio Version 17
VisualStudioVersion = 17.5.33530.505
MinimumVisualStudioVersion = 10.0.40219.1
Project("{FAE04EC0-301F-11D3-BF4B-00C04F79EFBC}") = "Restaurant Faves", "Restaurant Faves\Restaurant Faves.csproj", "{CFFBE439-A186-4497-A6F8-039D21231997}"
EndProject
Global
	GlobalSection(SolutionConfigurationPlatforms) = preSolution
		Debug|Any CPU = Debug|Any CPU
		Release|Any CPU = Release|Any CPU
	EndGlobalSection
	GlobalSection(ProjectConfigurationPlatforms) = postSolution
		{CFFBE439-A186-4497-A6F8-039D21231997}.Debug|Any CPU.ActiveCfg = Debug|Any CPU
		{CFFBE439-A186-4497-A6F8-039D21231997}.Debug|Any CPU.Build.0 = Debug|Any CPU
		{CFFBE439-A186-4497-A6F8-039D21231997}.Release|Any CPU.ActiveCfg = Release|Any CPU
		{CFFBE439-A186-4497-A6F8-039D21231997}.Release|Any CPU.Build.0 = Release|Any CPU
	EndGlobalSection
	GlobalSection(SolutionProperties) = preSolution
		HideSolutionNode = FALSE
	EndGlobalSection
	GlobalSection(ExtensibilityGlobals) = postSolution
		SolutionGuid = {CBA37B2A-8F5A-468B-A603-001BEB95A8A2}
	EndGlobalSection
EndGlobal
